
Microsoft Visual Studio Solution File, Format Version 12.00
# Visual Studio Version 17
VisualStudioVersion = 17.10.34916.146
MinimumVisualStudioVersion = 10.0.40219.1
Project("{9A19103F-16F7-4668-BE54-9A1E7A4F7556}") = "Flight Reservation", "Flight Reservation.csproj", "{031FC761-7D0B-46E5-8D11-1FEBCE90331D}"
EndProject
Global
	GlobalSection(SolutionConfigurationPlatforms) = preSolution
		Debug|Any CPU = Debug|Any CPU
		Release|Any CPU = Release|Any CPU
	EndGlobalSection
	GlobalSection(ProjectConfigurationPlatforms) = postSolution
		{031FC761-7D0B-46E5-8D11-1FEBCE90331D}.Debug|Any CPU.ActiveCfg = Debug|Any CPU
		{031FC761-7D0B-46E5-8D11-1FEBCE90331D}.Debug|Any CPU.Build.0 = Debug|Any CPU
		{031FC761-7D0B-46E5-8D11-1FEBCE90331D}.Release|Any CPU.ActiveCfg = Release|Any CPU
		{031FC761-7D0B-46E5-8D11-1FEBCE90331D}.Release|Any CPU.Build.0 = Release|Any CPU
	EndGlobalSection
	GlobalSection(SolutionProperties) = preSolution
		HideSolutionNode = FALSE
	EndGlobalSection
	GlobalSection(ExtensibilityGlobals) = postSolution
		SolutionGuid = {470313AF-AFF3-4004-ACA4-B78698B4C305}
	EndGlobalSection
EndGlobal
